
Microsoft Visual Studio Solution File, Format Version 12.00
# Visual Studio Version 17
VisualStudioVersion = 17.4.33205.214
MinimumVisualStudioVersion = 10.0.40219.1
Project("{FAE04EC0-301F-11D3-BF4B-00C04F79EFBC}") = "Asignment9", "Asignment9\Asignment9.csproj", "{B68D3637-A16C-4AA1-9D04-D54C5806AC88}"
EndProject
Global
	GlobalSection(SolutionConfigurationPlatforms) = preSolution
		Debug|Any CPU = Debug|Any CPU
		Release|Any CPU = Release|Any CPU
	EndGlobalSection
	GlobalSection(ProjectConfigurationPlatforms) = postSolution
		{B68D3637-A16C-4AA1-9D04-D54C5806AC88}.Debug|Any CPU.ActiveCfg = Debug|Any CPU
		{B68D3637-A16C-4AA1-9D04-D54C5806AC88}.Debug|Any CPU.Build.0 = Debug|Any CPU
		{B68D3637-A16C-4AA1-9D04-D54C5806AC88}.Release|Any CPU.ActiveCfg = Release|Any CPU
		{B68D3637-A16C-4AA1-9D04-D54C5806AC88}.Release|Any CPU.Build.0 = Release|Any CPU
	EndGlobalSection
	GlobalSection(SolutionProperties) = preSolution
		HideSolutionNode = FALSE
	EndGlobalSection
	GlobalSection(ExtensibilityGlobals) = postSolution
		SolutionGuid = {1A97FA5E-4BE1-47EC-B009-24F1002B3665}
	EndGlobalSection
EndGlobal
